
Microsoft Visual Studio Solution File, Format Version 12.00
Project("{2150E333-8FDC-42A3-9474-1A3956D46DE8}") = "src", "src", "{67C84C23-3DCF-4B99-8CFD-82B4E2B0DEAC}"
EndProject
Project("{FAE04EC0-301F-11D3-BF4B-00C04F79EFBC}") = "GregCustomers.Api", "src\GregCustomers.Api\GregCustomers.Api.csproj", "{F22F1A7C-A611-408E-9DF3-43BB6AF75163}"
EndProject
Project("{FAE04EC0-301F-11D3-BF4B-00C04F79EFBC}") = "GregCustomers.WebMvc", "src\GregCustomers.WebMvc\GregCustomers.WebMvc.csproj", "{DB7139D5-0ADD-45AF-A830-B67969032DA9}"
EndProject
Project("{FAE04EC0-301F-11D3-BF4B-00C04F79EFBC}") = "GregCustomers.Domain", "src\GregCustomers.Domain\GregCustomers.Domain.csproj", "{8513600B-921D-43FF-831E-7E22B2359775}"
EndProject
Project("{FAE04EC0-301F-11D3-BF4B-00C04F79EFBC}") = "GregCustomers.Application", "src\GregCustomers.Application\GregCustomers.Application.csproj", "{A21CFF3D-9F0A-4B23-BCA9-CB6BD0075221}"
EndProject
Project("{FAE04EC0-301F-11D3-BF4B-00C04F79EFBC}") = "GregCustomers.Infrastructure", "src\GregCustomers.Infrastructure\GregCustomers.Infrastructure.csproj", "{326B2A27-CBC6-49E3-9F7E-E001942EB7C4}"
EndProject
Global
	GlobalSection(SolutionConfigurationPlatforms) = preSolution
		Debug|Any CPU = Debug|Any CPU
		Release|Any CPU = Release|Any CPU
	EndGlobalSection
	GlobalSection(ProjectConfigurationPlatforms) = postSolution
		{F22F1A7C-A611-408E-9DF3-43BB6AF75163}.Debug|Any CPU.ActiveCfg = Debug|Any CPU
		{F22F1A7C-A611-408E-9DF3-43BB6AF75163}.Debug|Any CPU.Build.0 = Debug|Any CPU
		{F22F1A7C-A611-408E-9DF3-43BB6AF75163}.Release|Any CPU.ActiveCfg = Release|Any CPU
		{F22F1A7C-A611-408E-9DF3-43BB6AF75163}.Release|Any CPU.Build.0 = Release|Any CPU
		{DB7139D5-0ADD-45AF-A830-B67969032DA9}.Debug|Any CPU.ActiveCfg = Debug|Any CPU
		{DB7139D5-0ADD-45AF-A830-B67969032DA9}.Debug|Any CPU.Build.0 = Debug|Any CPU
		{DB7139D5-0ADD-45AF-A830-B67969032DA9}.Release|Any CPU.ActiveCfg = Release|Any CPU
		{DB7139D5-0ADD-45AF-A830-B67969032DA9}.Release|Any CPU.Build.0 = Release|Any CPU
		{8513600B-921D-43FF-831E-7E22B2359775}.Debug|Any CPU.ActiveCfg = Debug|Any CPU
		{8513600B-921D-43FF-831E-7E22B2359775}.Debug|Any CPU.Build.0 = Debug|Any CPU
		{8513600B-921D-43FF-831E-7E22B2359775}.Release|Any CPU.ActiveCfg = Release|Any CPU
		{8513600B-921D-43FF-831E-7E22B2359775}.Release|Any CPU.Build.0 = Release|Any CPU
		{A21CFF3D-9F0A-4B23-BCA9-CB6BD0075221}.Debug|Any CPU.ActiveCfg = Debug|Any CPU
		{A21CFF3D-9F0A-4B23-BCA9-CB6BD0075221}.Debug|Any CPU.Build.0 = Debug|Any CPU
		{A21CFF3D-9F0A-4B23-BCA9-CB6BD0075221}.Release|Any CPU.ActiveCfg = Release|Any CPU
		{A21CFF3D-9F0A-4B23-BCA9-CB6BD0075221}.Release|Any CPU.Build.0 = Release|Any CPU
		{326B2A27-CBC6-49E3-9F7E-E001942EB7C4}.Debug|Any CPU.ActiveCfg = Debug|Any CPU
		{326B2A27-CBC6-49E3-9F7E-E001942EB7C4}.Debug|Any CPU.Build.0 = Debug|Any CPU
		{326B2A27-CBC6-49E3-9F7E-E001942EB7C4}.Release|Any CPU.ActiveCfg = Release|Any CPU
		{326B2A27-CBC6-49E3-9F7E-E001942EB7C4}.Release|Any CPU.Build.0 = Release|Any CPU
	EndGlobalSection
	GlobalSection(NestedProjects) = preSolution
		{F22F1A7C-A611-408E-9DF3-43BB6AF75163} = {67C84C23-3DCF-4B99-8CFD-82B4E2B0DEAC}
		{DB7139D5-0ADD-45AF-A830-B67969032DA9} = {67C84C23-3DCF-4B99-8CFD-82B4E2B0DEAC}
		{8513600B-921D-43FF-831E-7E22B2359775} = {67C84C23-3DCF-4B99-8CFD-82B4E2B0DEAC}
		{A21CFF3D-9F0A-4B23-BCA9-CB6BD0075221} = {67C84C23-3DCF-4B99-8CFD-82B4E2B0DEAC}
		{326B2A27-CBC6-49E3-9F7E-E001942EB7C4} = {67C84C23-3DCF-4B99-8CFD-82B4E2B0DEAC}
	EndGlobalSection
EndGlobal
